
Microsoft Visual Studio Solution File, Format Version 12.00
# Visual Studio Version 17
VisualStudioVersion = 17.0.32112.339
MinimumVisualStudioVersion = 10.0.40219.1
Project("{FAE04EC0-301F-11D3-BF4B-00C04F79EFBC}") = "AdminAPP", "AdminAPP.csproj", "{7ACCB49E-FB66-4089-9704-D72CE367FB54}"
EndProject
Global
	GlobalSection(SolutionConfigurationPlatforms) = preSolution
		Debug|Any CPU = Debug|Any CPU
		Debug|x64 = Debug|x64
		Release|Any CPU = Release|Any CPU
		Release|x64 = Release|x64
	EndGlobalSection
	GlobalSection(ProjectConfigurationPlatforms) = postSolution
		{7ACCB49E-FB66-4089-9704-D72CE367FB54}.Debug|Any CPU.ActiveCfg = Debug|x64
		{7ACCB49E-FB66-4089-9704-D72CE367FB54}.Debug|Any CPU.Build.0 = Debug|x64
		{7ACCB49E-FB66-4089-9704-D72CE367FB54}.Debug|x64.ActiveCfg = Debug|x64
		{7ACCB49E-FB66-4089-9704-D72CE367FB54}.Debug|x64.Build.0 = Debug|x64
		{7ACCB49E-FB66-4089-9704-D72CE367FB54}.Release|Any CPU.ActiveCfg = Release|Any CPU
		{7ACCB49E-FB66-4089-9704-D72CE367FB54}.Release|Any CPU.Build.0 = Release|Any CPU
		{7ACCB49E-FB66-4089-9704-D72CE367FB54}.Release|x64.ActiveCfg = Release|Any CPU
		{7ACCB49E-FB66-4089-9704-D72CE367FB54}.Release|x64.Build.0 = Release|Any CPU
	EndGlobalSection
	GlobalSection(SolutionProperties) = preSolution
		HideSolutionNode = FALSE
	EndGlobalSection
	GlobalSection(ExtensibilityGlobals) = postSolution
		SolutionGuid = {70F60220-E18A-4CC2-BD49-FD6F1036FFA9}
	EndGlobalSection
EndGlobal
